Microsoft Visual Studio Solution File, Format Version 11.00
# Visual Studio 2008

Project("{E900634A-B9FB-30B7-0076-33E434816193}") = "Second Prototype", "Assembly-CSharp-firstpass.csproj", "{91A89819-4C71-6064-E607-D7F513B306C4}"
EndProject
Project("{E900634A-B9FB-30B7-0076-33E434816193}") = "Second Prototype", "Assembly-CSharp.csproj", "{FC2D14C9-331C-197A-0BED-048F09E367D8}"
EndProject
Project("{E900634A-B9FB-30B7-0076-33E434816193}") = "Second Prototype", "Assembly-CSharp-Editor.csproj", "{F32CAB6F-4C22-B05B-BF26-2140FF07B3B0}"
EndProject
Global
	GlobalSection(SolutionConfigurationPlatforms) = preSolution
		Debug|Any CPU = Debug|Any CPU
		Release|Any CPU = Release|Any CPU
	EndGlobalSection
	GlobalSection(ProjectConfigurationPlatforms) = postSolution
		{91A89819-4C71-6064-E607-D7F513B306C4}.Debug|Any CPU.ActiveCfg = Debug|Any CPU
		{91A89819-4C71-6064-E607-D7F513B306C4}.Debug|Any CPU.Build.0 = Debug|Any CPU
		{91A89819-4C71-6064-E607-D7F513B306C4}.Release|Any CPU.ActiveCfg = Release|Any CPU
		{91A89819-4C71-6064-E607-D7F513B306C4}.Release|Any CPU.Build.0 = Release|Any CPU
		{FC2D14C9-331C-197A-0BED-048F09E367D8}.Debug|Any CPU.ActiveCfg = Debug|Any CPU
		{FC2D14C9-331C-197A-0BED-048F09E367D8}.Debug|Any CPU.Build.0 = Debug|Any CPU
		{FC2D14C9-331C-197A-0BED-048F09E367D8}.Release|Any CPU.ActiveCfg = Release|Any CPU
		{FC2D14C9-331C-197A-0BED-048F09E367D8}.Release|Any CPU.Build.0 = Release|Any CPU
		{F32CAB6F-4C22-B05B-BF26-2140FF07B3B0}.Debug|Any CPU.ActiveCfg = Debug|Any CPU
		{F32CAB6F-4C22-B05B-BF26-2140FF07B3B0}.Debug|Any CPU.Build.0 = Debug|Any CPU
		{F32CAB6F-4C22-B05B-BF26-2140FF07B3B0}.Release|Any CPU.ActiveCfg = Release|Any CPU
		{F32CAB6F-4C22-B05B-BF26-2140FF07B3B0}.Release|Any CPU.Build.0 = Release|Any CPU
	EndGlobalSection
	GlobalSection(SolutionProperties) = preSolution
		HideSolutionNode = FALSE
	EndGlobalSection
																																																							GlobalSection(MonoDevelopProperties) = preSolution
		StartupItem = Assembly-CSharp.csproj
		Policies = $0
		$0.TextStylePolicy = $1
		$1.inheritsSet = null
		$1.scope = text/x-csharp
		$0.CSharpFormattingPolicy = $2
		$2.inheritsSet = Mono
		$2.inheritsScope = text/x-csharp
		$2.scope = text/x-csharp
		$0.TextStylePolicy = $3
		$3.FileWidth = 120
		$3.TabWidth = 4
		$3.IndentWidth = 4
		$3.EolMarker = Unix
		$3.inheritsSet = Mono
		$3.inheritsScope = text/plain
		$3.scope = text/plain
	EndGlobalSection

EndGlobal
